
Microsoft Visual Studio Solution File, Format Version 12.00
# Visual Studio 15
VisualStudioVersion = 15.0.27428.2011
MinimumVisualStudioVersion = 10.0.40219.1
Project("{FAE04EC0-301F-11D3-BF4B-00C04F79EFBC}") = "Writing_platform", "Writing_platform\Writing_platform.csproj", "{5A41D223-CFB2-461D-B3C6-BF4E66D95B04}"
EndProject
Global
	GlobalSection(SolutionConfigurationPlatforms) = preSolution
		Debug|Any CPU = Debug|Any CPU
		Release|Any CPU = Release|Any CPU
	EndGlobalSection
	GlobalSection(ProjectConfigurationPlatforms) = postSolution
		{5A41D223-CFB2-461D-B3C6-BF4E66D95B04}.Debug|Any CPU.ActiveCfg = Debug|Any CPU
		{5A41D223-CFB2-461D-B3C6-BF4E66D95B04}.Debug|Any CPU.Build.0 = Debug|Any CPU
		{5A41D223-CFB2-461D-B3C6-BF4E66D95B04}.Release|Any CPU.ActiveCfg = Release|Any CPU
		{5A41D223-CFB2-461D-B3C6-BF4E66D95B04}.Release|Any CPU.Build.0 = Release|Any CPU
	EndGlobalSection
	GlobalSection(SolutionProperties) = preSolution
		HideSolutionNode = FALSE
	EndGlobalSection
	GlobalSection(ExtensibilityGlobals) = postSolution
		SolutionGuid = {45DF52A0-8D83-4BAA-8816-0556707C24ED}
	EndGlobalSection
EndGlobal
